
Microsoft Visual Studio Solution File, Format Version 12.00
# Visual Studio Version 17
VisualStudioVersion = 17.4.33205.214
MinimumVisualStudioVersion = 10.0.40219.1
Project("{FAE04EC0-301F-11D3-BF4B-00C04F79EFBC}") = "ProvoYSA10thWard", "ProvoYSA10thWard\ProvoYSA10thWard.csproj", "{543844FB-85A7-4823-9B3E-41930EAA20AA}"
EndProject
Global
	GlobalSection(SolutionConfigurationPlatforms) = preSolution
		Debug|Any CPU = Debug|Any CPU
		Release|Any CPU = Release|Any CPU
	EndGlobalSection
	GlobalSection(ProjectConfigurationPlatforms) = postSolution
		{543844FB-85A7-4823-9B3E-41930EAA20AA}.Debug|Any CPU.ActiveCfg = Debug|Any CPU
		{543844FB-85A7-4823-9B3E-41930EAA20AA}.Debug|Any CPU.Build.0 = Debug|Any CPU
		{543844FB-85A7-4823-9B3E-41930EAA20AA}.Release|Any CPU.ActiveCfg = Release|Any CPU
		{543844FB-85A7-4823-9B3E-41930EAA20AA}.Release|Any CPU.Build.0 = Release|Any CPU
	EndGlobalSection
	GlobalSection(SolutionProperties) = preSolution
		HideSolutionNode = FALSE
	EndGlobalSection
	GlobalSection(ExtensibilityGlobals) = postSolution
		SolutionGuid = {ECCFEEE2-56E6-449B-9CB8-6AB9FC92982D}
	EndGlobalSection
EndGlobal
